
Microsoft Visual Studio Solution File, Format Version 12.00
# Visual Studio 2012
Project("{8BC9CEB8-8B4A-11D0-8D11-00A0C91BC942}") = "fstream读取中文路径", "fstream读取中文路径\fstream读取中文路径.vcxproj", "{BB575988-5695-4CFB-A2D0-AD48AD978A69}"
EndProject
Project("{8BC9CEB8-8B4A-11D0-8D11-00A0C91BC942}") = "num2str", "num2str\num2str.vcxproj", "{E4F27012-9F79-4698-81B9-6C86093A93FB}"
EndProject
Project("{8BC9CEB8-8B4A-11D0-8D11-00A0C91BC942}") = "str2num", "str2num\str2num.vcxproj", "{1705C06A-3AA5-4C2F-90B7-10D8DE6D1CB8}"
EndProject
Project("{8BC9CEB8-8B4A-11D0-8D11-00A0C91BC942}") = "cut_string", "cut_string\cut_string.vcxproj", "{3A120F44-AC47-4F6E-BADC-5DDF9252035A}"
EndProject
Project("{8BC9CEB8-8B4A-11D0-8D11-00A0C91BC942}") = "从txt读入数据历程", "从txt读入数据历程\从txt读入数据历程.vcxproj", "{632A5661-5646-4173-BF1E-79D141BCE289}"
EndProject
Project("{8BC9CEB8-8B4A-11D0-8D11-00A0C91BC942}") = "将数据写入txt历程", "将数据写入txt历程\将数据写入txt历程.vcxproj", "{61605680-8FD2-492E-8D87-BF496402ECFC}"
EndProject
Project("{8BC9CEB8-8B4A-11D0-8D11-00A0C91BC942}") = "getTimeTick", "getTimeTick\getTimeTick.vcxproj", "{7EE9AEB9-A10F-4855-BFC2-2BDFC1BADD2B}"
EndProject
Project("{8BC9CEB8-8B4A-11D0-8D11-00A0C91BC942}") = "redirect_Output", "redirect_Output\redirect_Output.vcxproj", "{6EAFC326-B7A7-4448-BD3C-2B6ADDE6F37E}"
EndProject
Project("{8BC9CEB8-8B4A-11D0-8D11-00A0C91BC942}") = "time2String", "time2String\time2String.vcxproj", "{42566684-27F6-438B-BF79-E3F24B0EAA4D}"
EndProject
Project("{8BC9CEB8-8B4A-11D0-8D11-00A0C91BC942}") = "math_SanJiaoHanShu", "math_SanJiaoHanShu\math_SanJiaoHanShu.vcxproj", "{09EC6F20-20FF-428B-A7CE-0C253DAFB85A}"
EndProject
Project("{8BC9CEB8-8B4A-11D0-8D11-00A0C91BC942}") = "floatNumEqual0", "floatNumEqual0\floatNumEqual0.vcxproj", "{E7420CA1-760F-48B8-818C-1D444CB857F5}"
EndProject
Global
	GlobalSection(SolutionConfigurationPlatforms) = preSolution
		Debug|Win32 = Debug|Win32
		Release|Win32 = Release|Win32
	EndGlobalSection
	GlobalSection(ProjectConfigurationPlatforms) = postSolution
		{BB575988-5695-4CFB-A2D0-AD48AD978A69}.Debug|Win32.ActiveCfg = Debug|Win32
		{BB575988-5695-4CFB-A2D0-AD48AD978A69}.Debug|Win32.Build.0 = Debug|Win32
		{BB575988-5695-4CFB-A2D0-AD48AD978A69}.Release|Win32.ActiveCfg = Release|Win32
		{BB575988-5695-4CFB-A2D0-AD48AD978A69}.Release|Win32.Build.0 = Release|Win32
		{E4F27012-9F79-4698-81B9-6C86093A93FB}.Debug|Win32.ActiveCfg = Debug|Win32
		{E4F27012-9F79-4698-81B9-6C86093A93FB}.Debug|Win32.Build.0 = Debug|Win32
		{E4F27012-9F79-4698-81B9-6C86093A93FB}.Release|Win32.ActiveCfg = Release|Win32
		{E4F27012-9F79-4698-81B9-6C86093A93FB}.Release|Win32.Build.0 = Release|Win32
		{1705C06A-3AA5-4C2F-90B7-10D8DE6D1CB8}.Debug|Win32.ActiveCfg = Debug|Win32
		{1705C06A-3AA5-4C2F-90B7-10D8DE6D1CB8}.Debug|Win32.Build.0 = Debug|Win32
		{1705C06A-3AA5-4C2F-90B7-10D8DE6D1CB8}.Release|Win32.ActiveCfg = Release|Win32
		{1705C06A-3AA5-4C2F-90B7-10D8DE6D1CB8}.Release|Win32.Build.0 = Release|Win32
		{3A120F44-AC47-4F6E-BADC-5DDF9252035A}.Debug|Win32.ActiveCfg = Debug|Win32
		{3A120F44-AC47-4F6E-BADC-5DDF9252035A}.Debug|Win32.Build.0 = Debug|Win32
		{3A120F44-AC47-4F6E-BADC-5DDF9252035A}.Release|Win32.ActiveCfg = Release|Win32
		{3A120F44-AC47-4F6E-BADC-5DDF9252035A}.Release|Win32.Build.0 = Release|Win32
		{632A5661-5646-4173-BF1E-79D141BCE289}.Debug|Win32.ActiveCfg = Debug|Win32
		{632A5661-5646-4173-BF1E-79D141BCE289}.Debug|Win32.Build.0 = Debug|Win32
		{632A5661-5646-4173-BF1E-79D141BCE289}.Release|Win32.ActiveCfg = Release|Win32
		{632A5661-5646-4173-BF1E-79D141BCE289}.Release|Win32.Build.0 = Release|Win32
		{61605680-8FD2-492E-8D87-BF496402ECFC}.Debug|Win32.ActiveCfg = Debug|Win32
		{61605680-8FD2-492E-8D87-BF496402ECFC}.Debug|Win32.Build.0 = Debug|Win32
		{61605680-8FD2-492E-8D87-BF496402ECFC}.Release|Win32.ActiveCfg = Release|Win32
		{61605680-8FD2-492E-8D87-BF496402ECFC}.Release|Win32.Build.0 = Release|Win32
		{7EE9AEB9-A10F-4855-BFC2-2BDFC1BADD2B}.Debug|Win32.ActiveCfg = Debug|Win32
		{7EE9AEB9-A10F-4855-BFC2-2BDFC1BADD2B}.Debug|Win32.Build.0 = Debug|Win32
		{7EE9AEB9-A10F-4855-BFC2-2BDFC1BADD2B}.Release|Win32.ActiveCfg = Release|Win32
		{7EE9AEB9-A10F-4855-BFC2-2BDFC1BADD2B}.Release|Win32.Build.0 = Release|Win32
		{6EAFC326-B7A7-4448-BD3C-2B6ADDE6F37E}.Debug|Win32.ActiveCfg = Debug|Win32
		{6EAFC326-B7A7-4448-BD3C-2B6ADDE6F37E}.Debug|Win32.Build.0 = Debug|Win32
		{6EAFC326-B7A7-4448-BD3C-2B6ADDE6F37E}.Release|Win32.ActiveCfg = Release|Win32
		{6EAFC326-B7A7-4448-BD3C-2B6ADDE6F37E}.Release|Win32.Build.0 = Release|Win32
		{42566684-27F6-438B-BF79-E3F24B0EAA4D}.Debug|Win32.ActiveCfg = Debug|Win32
		{42566684-27F6-438B-BF79-E3F24B0EAA4D}.Debug|Win32.Build.0 = Debug|Win32
		{42566684-27F6-438B-BF79-E3F24B0EAA4D}.Release|Win32.ActiveCfg = Release|Win32
		{42566684-27F6-438B-BF79-E3F24B0EAA4D}.Release|Win32.Build.0 = Release|Win32
		{09EC6F20-20FF-428B-A7CE-0C253DAFB85A}.Debug|Win32.ActiveCfg = Debug|Win32
		{09EC6F20-20FF-428B-A7CE-0C253DAFB85A}.Debug|Win32.Build.0 = Debug|Win32
		{09EC6F20-20FF-428B-A7CE-0C253DAFB85A}.Release|Win32.ActiveCfg = Release|Win32
		{09EC6F20-20FF-428B-A7CE-0C253DAFB85A}.Release|Win32.Build.0 = Release|Win32
		{E7420CA1-760F-48B8-818C-1D444CB857F5}.Debug|Win32.ActiveCfg = Debug|Win32
		{E7420CA1-760F-48B8-818C-1D444CB857F5}.Debug|Win32.Build.0 = Debug|Win32
		{E7420CA1-760F-48B8-818C-1D444CB857F5}.Release|Win32.ActiveCfg = Release|Win32
		{E7420CA1-760F-48B8-818C-1D444CB857F5}.Release|Win32.Build.0 = Release|Win32
	EndGlobalSection
	GlobalSection(SolutionProperties) = preSolution
		HideSolutionNode = FALSE
	EndGlobalSection
EndGlobal
