
Microsoft Visual Studio Solution File, Format Version 12.00
# Visual Studio 2012
Project("{8BC9CEB8-8B4A-11D0-8D11-00A0C91BC942}") = "fstream读取中文路径", "fstream读取中文路径\fstream读取中文路径.vcxproj", "{BB575988-5695-4CFB-A2D0-AD48AD978A69}"
EndProject
Project("{8BC9CEB8-8B4A-11D0-8D11-00A0C91BC942}") = "num2str", "num2str\num2str.vcxproj", "{E4F27012-9F79-4698-81B9-6C86093A93FB}"
EndProject
Project("{8BC9CEB8-8B4A-11D0-8D11-00A0C91BC942}") = "str2num", "str2num\str2num.vcxproj", "{1705C06A-3AA5-4C2F-90B7-10D8DE6D1CB8}"
EndProject
Project("{8BC9CEB8-8B4A-11D0-8D11-00A0C91BC942}") = "cut_string", "cut_string\cut_string.vcxproj", "{3A120F44-AC47-4F6E-BADC-5DDF9252035A}"
EndProject
Global
	GlobalSection(SolutionConfigurationPlatforms) = preSolution
		Debug|Win32 = Debug|Win32
		Release|Win32 = Release|Win32
	EndGlobalSection
	GlobalSection(ProjectConfigurationPlatforms) = postSolution
		{BB575988-5695-4CFB-A2D0-AD48AD978A69}.Debug|Win32.ActiveCfg = Debug|Win32
		{BB575988-5695-4CFB-A2D0-AD48AD978A69}.Debug|Win32.Build.0 = Debug|Win32
		{BB575988-5695-4CFB-A2D0-AD48AD978A69}.Release|Win32.ActiveCfg = Release|Win32
		{BB575988-5695-4CFB-A2D0-AD48AD978A69}.Release|Win32.Build.0 = Release|Win32
		{E4F27012-9F79-4698-81B9-6C86093A93FB}.Debug|Win32.ActiveCfg = Debug|Win32
		{E4F27012-9F79-4698-81B9-6C86093A93FB}.Debug|Win32.Build.0 = Debug|Win32
		{E4F27012-9F79-4698-81B9-6C86093A93FB}.Release|Win32.ActiveCfg = Release|Win32
		{E4F27012-9F79-4698-81B9-6C86093A93FB}.Release|Win32.Build.0 = Release|Win32
		{1705C06A-3AA5-4C2F-90B7-10D8DE6D1CB8}.Debug|Win32.ActiveCfg = Debug|Win32
		{1705C06A-3AA5-4C2F-90B7-10D8DE6D1CB8}.Debug|Win32.Build.0 = Debug|Win32
		{1705C06A-3AA5-4C2F-90B7-10D8DE6D1CB8}.Release|Win32.ActiveCfg = Release|Win32
		{1705C06A-3AA5-4C2F-90B7-10D8DE6D1CB8}.Release|Win32.Build.0 = Release|Win32
		{3A120F44-AC47-4F6E-BADC-5DDF9252035A}.Debug|Win32.ActiveCfg = Debug|Win32
		{3A120F44-AC47-4F6E-BADC-5DDF9252035A}.Debug|Win32.Build.0 = Debug|Win32
		{3A120F44-AC47-4F6E-BADC-5DDF9252035A}.Release|Win32.ActiveCfg = Release|Win32
		{3A120F44-AC47-4F6E-BADC-5DDF9252035A}.Release|Win32.Build.0 = Release|Win32
	EndGlobalSection
	GlobalSection(SolutionProperties) = preSolution
		HideSolutionNode = FALSE
	EndGlobalSection
EndGlobal
